{
  "name": "taskmgr",
  "version": "0.0.0",
  "lockfileVersion": 1,
  "requires": true,
  "dependencies": {
    "@angular/material": {
      "version": "2.0.0-beta.7",
      "resolved": "https://registry.npmjs.org/@angular/material/-/material-2.0.0-beta.7.tgz",
      "integrity": "sha512-mIyr6vYZF8O8pLJowHkCF1XxwJHjYuC39Tc86zcm9VNa7Wvy6w5qot5VBMs8s63MuEaaUHEcaIhCVEAZO/n03A==",
      "requires": {
        "tslib": "1.7.1"
      }
    },
    "tslib": {
      "version": "1.7.1",
      "resolved": "https://registry.npmjs.org/tslib/-/tslib-1.7.1.tgz",
      "integrity": "sha1-vIAEFkaRkjp5/oN4u+s9ogF1OOw="
    }
  }
}
